
Microsoft Visual Studio Solution File, Format Version 12.00
# Visual Studio Version 17
VisualStudioVersion = 17.5.33424.131
MinimumVisualStudioVersion = 10.0.40219.1
Project("{FAE04EC0-301F-11D3-BF4B-00C04F79EFBC}") = "Stock11", "Stock11\Stock11.csproj", "{8FD79AF2-9831-408B-AAF6-066C57D6DAE3}"
EndProject
Global
	GlobalSection(SolutionConfigurationPlatforms) = preSolution
		Debug|Any CPU = Debug|Any CPU
		Release|Any CPU = Release|Any CPU
	EndGlobalSection
	GlobalSection(ProjectConfigurationPlatforms) = postSolution
		{8FD79AF2-9831-408B-AAF6-066C57D6DAE3}.Debug|Any CPU.ActiveCfg = Debug|Any CPU
		{8FD79AF2-9831-408B-AAF6-066C57D6DAE3}.Debug|Any CPU.Build.0 = Debug|Any CPU
		{8FD79AF2-9831-408B-AAF6-066C57D6DAE3}.Release|Any CPU.ActiveCfg = Release|Any CPU
		{8FD79AF2-9831-408B-AAF6-066C57D6DAE3}.Release|Any CPU.Build.0 = Release|Any CPU
	EndGlobalSection
	GlobalSection(SolutionProperties) = preSolution
		HideSolutionNode = FALSE
	EndGlobalSection
	GlobalSection(ExtensibilityGlobals) = postSolution
		SolutionGuid = {41628E7A-7E56-4C3B-B147-2F7BA880D242}
	EndGlobalSection
EndGlobal
